// !$*UTF8*$!
{
	archiveVersion = 1;
	classes = {
	};
	objectVersion = 50;
	objects = {

/* Begin PBXBuildFile section */
		8A410892250AE3D80004FD0E /* New.c in Sources */ = {isa = PBXBuildFile; fileRef = 8A410891250AE3D80004FD0E /* New.c */; };
		8A41089B250AE6300004FD0E /* String.c in Sources */ = {isa = PBXBuildFile; fileRef = 8A41089A250AE6300004FD0E /* String.c */; };
		8A4108C3250C61580004FD0E /* Score.c in Sources */ = {isa = PBXBuildFile; fileRef = 8A4108C2250C61580004FD0E /* Score.c */; };
		8AF985E4250ACA14004900DA /* Randomizers.c in Sources */ = {isa = PBXBuildFile; fileRef = 8AF985E3250ACA14004900DA /* Randomizers.c */; };
		B9259D2024F669DD00FA19FA /* AppDelegate.m in Sources */ = {isa = PBXBuildFile; fileRef = B9259D1F24F669DD00FA19FA /* AppDelegate.m */; };
		B9259D2324F669DD00FA19FA /* SceneDelegate.m in Sources */ = {isa = PBXBuildFile; fileRef = B9259D2224F669DD00FA19FA /* SceneDelegate.m */; };
		B9259D2624F669DD00FA19FA /* ViewController.m in Sources */ = {isa = PBXBuildFile; fileRef = B9259D2524F669DD00FA19FA /* ViewController.m */; };
		B9259D2924F669DD00FA19FA /* Main.storyboard in Resources */ = {isa = PBXBuildFile; fileRef = B9259D2724F669DD00FA19FA /* Main.storyboard */; };
		B9259D2B24F669DD00FA19FA /* ContentView.swift in Sources */ = {isa = PBXBuildFile; fileRef = B9259D2A24F669DD00FA19FA /* ContentView.swift */; };
		B9259D2D24F669E000FA19FA /* Assets.xcassets in Resources */ = {isa = PBXBuildFile; fileRef = B9259D2C24F669E000FA19FA /* Assets.xcassets */; };
		B9259D3024F669E000FA19FA /* LaunchScreen.storyboard in Resources */ = {isa = PBXBuildFile; fileRef = B9259D2E24F669E000FA19FA /* LaunchScreen.storyboard */; };
		B9259D3324F669E000FA19FA /* main.m in Sources */ = {isa = PBXBuildFile; fileRef = B9259D3224F669E000FA19FA /* main.m */; };
		B93E23B024FF586000A324DE /* ToneBarrierScorePlayer.m in Sources */ = {isa = PBXBuildFile; fileRef = B9259D6C24F66C9C00FA19FA /* ToneBarrierScorePlayer.m */; };
		B9763DFE250822B5003DB662 /* test.m in Sources */ = {isa = PBXBuildFile; fileRef = B9763DFD250822B5003DB662 /* test.m */; };
		B9B9F01425120961002E4295 /* ToneBarrierScoreDispatchObjects.m in Sources */ = {isa = PBXBuildFile; fileRef = B9B9F01325120961002E4295 /* ToneBarrierScoreDispatchObjects.m */; };
		B9FAD48E2503FA3900FF4772 /* Randomizer.c in Sources */ = {isa = PBXBuildFile; fileRef = B9FAD48D2503FA3900FF4772 /* Randomizer.c */; };
/* End PBXBuildFile section */

/* Begin PBXCopyFilesBuildPhase section */
		B9259D6324F669E300FA19FA /* Embed Watch Content */ = {
			isa = PBXCopyFilesBuildPhase;
			buildActionMask = 2147483647;
			dstPath = "$(CONTENTS_FOLDER_PATH)/Watch";
			dstSubfolderSpec = 16;
			files = (
			);
			name = "Embed Watch Content";
			runOnlyForDeploymentPostprocessing = 0;
		};
		B96EC03125006C6000F9C929 /* Embed Frameworks */ = {
			isa = PBXCopyFilesBuildPhase;
			buildActionMask = 2147483647;
			dstPath = "";
			dstSubfolderSpec = 10;
			files = (
			);
			name = "Embed Frameworks";
			runOnlyForDeploymentPostprocessing = 0;
		};
/* End PBXCopyFilesBuildPhase section */

/* Begin PBXFileReference section */
		8A41088F250AE1EA0004FD0E /* New.r */ = {isa = PBXFileReference; explicitFileType = sourcecode.c.h; path = New.r; sourceTree = "<group>"; };
		8A410890250AE3D80004FD0E /* New.h */ = {isa = PBXFileReference; lastKnownFileType = sourcecode.c.h; path = New.h; sourceTree = "<group>"; };
		8A410891250AE3D80004FD0E /* New.c */ = {isa = PBXFileReference; lastKnownFileType = sourcecode.c.c; path = New.c; sourceTree = "<group>"; };
		8A410899250AE6300004FD0E /* String.h */ = {isa = PBXFileReference; lastKnownFileType = sourcecode.c.h; path = String.h; sourceTree = "<group>"; };
		8A41089A250AE6300004FD0E /* String.c */ = {isa = PBXFileReference; lastKnownFileType = sourcecode.c.c; path = String.c; sourceTree = "<group>"; };
		8A4108C1250C61580004FD0E /* Score.h */ = {isa = PBXFileReference; lastKnownFileType = sourcecode.c.h; path = Score.h; sourceTree = "<group>"; };
		8A4108C2250C61580004FD0E /* Score.c */ = {isa = PBXFileReference; lastKnownFileType = sourcecode.c.c; path = Score.c; sourceTree = "<group>"; };
		8A6ADA7A25115D0B00B418D4 /* DreamCatcher-ToneBarrier.entitlements */ = {isa = PBXFileReference; lastKnownFileType = text.plist.entitlements; path = "DreamCatcher-ToneBarrier.entitlements"; sourceTree = "<group>"; };
		8AE1F507250D0F99007B290E /* libc.tbd */ = {isa = PBXFileReference; lastKnownFileType = "sourcecode.text-based-dylib-definition"; name = libc.tbd; path = Platforms/iPhoneOS.platform/Developer/SDKs/iPhoneOS14.0.sdk/usr/lib/libc.tbd; sourceTree = DEVELOPER_DIR; };
		8AF985E2250ACA14004900DA /* Randomizers.h */ = {isa = PBXFileReference; lastKnownFileType = sourcecode.c.h; path = Randomizers.h; sourceTree = "<group>"; };
		8AF985E3250ACA14004900DA /* Randomizers.c */ = {isa = PBXFileReference; lastKnownFileType = sourcecode.c.c; path = Randomizers.c; sourceTree = "<group>"; };
		8AF985F1250ADEE7004900DA /* Object.h */ = {isa = PBXFileReference; lastKnownFileType = sourcecode.c.h; path = Object.h; sourceTree = "<group>"; };
		8AFCCA30250517D8001427D2 /* new.c */ = {isa = PBXFileReference; fileEncoding = 4; lastKnownFileType = sourcecode.c.c; path = new.c; sourceTree = "<group>"; };
		8AFCCA32250517D8001427D2 /* Object.h */ = {isa = PBXFileReference; fileEncoding = 4; lastKnownFileType = sourcecode.c.h; path = Object.h; sourceTree = "<group>"; };
		8AFCCA35250517D8001427D2 /* Class.h */ = {isa = PBXFileReference; fileEncoding = 4; lastKnownFileType = sourcecode.c.h; path = Class.h; sourceTree = "<group>"; };
		8AFCCA36250517D8001427D2 /* new.h */ = {isa = PBXFileReference; fileEncoding = 4; lastKnownFileType = sourcecode.c.h; path = new.h; sourceTree = "<group>"; };
		B9259D1B24F669DD00FA19FA /* DreamCatcher-ToneBarrier.app */ = {isa = PBXFileReference; explicitFileType = wrapper.application; includeInIndex = 0; path = "DreamCatcher-ToneBarrier.app"; sourceTree = BUILT_PRODUCTS_DIR; };
		B9259D1E24F669DD00FA19FA /* AppDelegate.h */ = {isa = PBXFileReference; lastKnownFileType = sourcecode.c.h; path = AppDelegate.h; sourceTree = "<group>"; };
		B9259D1F24F669DD00FA19FA /* AppDelegate.m */ = {isa = PBXFileReference; lastKnownFileType = sourcecode.c.objc; path = AppDelegate.m; sourceTree = "<group>"; };
		B9259D2124F669DD00FA19FA /* SceneDelegate.h */ = {isa = PBXFileReference; lastKnownFileType = sourcecode.c.h; path = SceneDelegate.h; sourceTree = "<group>"; };
		B9259D2224F669DD00FA19FA /* SceneDelegate.m */ = {isa = PBXFileReference; lastKnownFileType = sourcecode.c.objc; path = SceneDelegate.m; sourceTree = "<group>"; wrapsLines = 0; };
		B9259D2424F669DD00FA19FA /* ViewController.h */ = {isa = PBXFileReference; lastKnownFileType = sourcecode.c.h; path = ViewController.h; sourceTree = "<group>"; };
		B9259D2524F669DD00FA19FA /* ViewController.m */ = {isa = PBXFileReference; lastKnownFileType = sourcecode.c.objc; path = ViewController.m; sourceTree = "<group>"; wrapsLines = 0; };
		B9259D2824F669DD00FA19FA /* Base */ = {isa = PBXFileReference; lastKnownFileType = file.storyboard; name = Base; path = Base.lproj/Main.storyboard; sourceTree = "<group>"; };
		B9259D2A24F669DD00FA19FA /* ContentView.swift */ = {isa = PBXFileReference; lastKnownFileType = sourcecode.swift; path = ContentView.swift; sourceTree = "<group>"; };
		B9259D2C24F669E000FA19FA /* Assets.xcassets */ = {isa = PBXFileReference; lastKnownFileType = folder.assetcatalog; path = Assets.xcassets; sourceTree = "<group>"; };
		B9259D2F24F669E000FA19FA /* Base */ = {isa = PBXFileReference; lastKnownFileType = file.storyboard; name = Base; path = Base.lproj/LaunchScreen.storyboard; sourceTree = "<group>"; };
		B9259D3124F669E000FA19FA /* Info.plist */ = {isa = PBXFileReference; lastKnownFileType = text.plist.xml; path = Info.plist; sourceTree = "<group>"; };
		B9259D3224F669E000FA19FA /* main.m */ = {isa = PBXFileReference; lastKnownFileType = sourcecode.c.objc; path = main.m; sourceTree = "<group>"; };
		B9259D3C24F669E100FA19FA /* Base */ = {isa = PBXFileReference; lastKnownFileType = file.storyboard; name = Base; path = Base.lproj/Interface.storyboard; sourceTree = "<group>"; };
		B9259D3E24F669E200FA19FA /* Assets.xcassets */ = {isa = PBXFileReference; lastKnownFileType = folder.assetcatalog; path = Assets.xcassets; sourceTree = "<group>"; };
		B9259D4024F669E200FA19FA /* Info.plist */ = {isa = PBXFileReference; lastKnownFileType = text.plist.xml; path = Info.plist; sourceTree = "<group>"; };
		B9259D4A24F669E200FA19FA /* InterfaceController.h */ = {isa = PBXFileReference; lastKnownFileType = sourcecode.c.h; path = InterfaceController.h; sourceTree = "<group>"; };
		B9259D4B24F669E200FA19FA /* InterfaceController.m */ = {isa = PBXFileReference; lastKnownFileType = sourcecode.c.objc; path = InterfaceController.m; sourceTree = "<group>"; };
		B9259D4D24F669E200FA19FA /* ExtensionDelegate.h */ = {isa = PBXFileReference; lastKnownFileType = sourcecode.c.h; path = ExtensionDelegate.h; sourceTree = "<group>"; };
		B9259D4E24F669E200FA19FA /* ExtensionDelegate.m */ = {isa = PBXFileReference; lastKnownFileType = sourcecode.c.objc; path = ExtensionDelegate.m; sourceTree = "<group>"; };
		B9259D5024F669E200FA19FA /* NotificationController.h */ = {isa = PBXFileReference; lastKnownFileType = sourcecode.c.h; path = NotificationController.h; sourceTree = "<group>"; };
		B9259D5124F669E200FA19FA /* NotificationController.m */ = {isa = PBXFileReference; lastKnownFileType = sourcecode.c.objc; path = NotificationController.m; sourceTree = "<group>"; };
		B9259D5324F669E200FA19FA /* ComplicationController.h */ = {isa = PBXFileReference; lastKnownFileType = sourcecode.c.h; path = ComplicationController.h; sourceTree = "<group>"; };
		B9259D5424F669E200FA19FA /* ComplicationController.m */ = {isa = PBXFileReference; lastKnownFileType = sourcecode.c.objc; path = ComplicationController.m; sourceTree = "<group>"; };
		B9259D5624F669E300FA19FA /* Assets.xcassets */ = {isa = PBXFileReference; lastKnownFileType = folder.assetcatalog; path = Assets.xcassets; sourceTree = "<group>"; };
		B9259D5824F669E300FA19FA /* Info.plist */ = {isa = PBXFileReference; lastKnownFileType = text.plist.xml; path = Info.plist; sourceTree = "<group>"; };
		B9259D5924F669E300FA19FA /* PushNotificationPayload.apns */ = {isa = PBXFileReference; lastKnownFileType = text; path = PushNotificationPayload.apns; sourceTree = "<group>"; };
		B9259D6B24F66C9C00FA19FA /* ToneBarrierScorePlayer.h */ = {isa = PBXFileReference; lastKnownFileType = sourcecode.c.h; path = ToneBarrierScorePlayer.h; sourceTree = "<group>"; wrapsLines = 0; };
		B9259D6C24F66C9C00FA19FA /* ToneBarrierScorePlayer.m */ = {isa = PBXFileReference; lastKnownFileType = sourcecode.c.objc; path = ToneBarrierScorePlayer.m; sourceTree = "<group>"; wrapsLines = 0; };
		B96EC02725006C5F00F9C929 /* ToneBarrierScoreCodeCemetary.h */ = {isa = PBXFileReference; lastKnownFileType = sourcecode.c.h; path = ToneBarrierScoreCodeCemetary.h; sourceTree = "<group>"; };
		B9763DFC250822B5003DB662 /* test.h */ = {isa = PBXFileReference; lastKnownFileType = sourcecode.c.h; path = test.h; sourceTree = "<group>"; };
		B9763DFD250822B5003DB662 /* test.m */ = {isa = PBXFileReference; lastKnownFileType = sourcecode.c.objc; path = test.m; sourceTree = "<group>"; wrapsLines = 0; };
		B9B9F01225120961002E4295 /* ToneBarrierScoreDispatchObjects.h */ = {isa = PBXFileReference; lastKnownFileType = sourcecode.c.h; path = ToneBarrierScoreDispatchObjects.h; sourceTree = "<group>"; };
		B9B9F01325120961002E4295 /* ToneBarrierScoreDispatchObjects.m */ = {isa = PBXFileReference; lastKnownFileType = sourcecode.c.objc; path = ToneBarrierScoreDispatchObjects.m; sourceTree = "<group>"; wrapsLines = 0; };
		B9EF5C6024F95BF9008EC0F9 /* CodeCemetary */ = {isa = PBXFileReference; lastKnownFileType = text; path = CodeCemetary; sourceTree = "<group>"; };
		B9FAD4752503D47800FF4772 /* PlayerNode.h */ = {isa = PBXFileReference; lastKnownFileType = sourcecode.c.h; path = PlayerNode.h; sourceTree = "<group>"; wrapsLines = 0; };
		B9FAD4762503D47800FF4772 /* PlayerNode.c */ = {isa = PBXFileReference; lastKnownFileType = sourcecode.c.c; path = PlayerNode.c; sourceTree = "<group>"; };
		B9FAD47A2503E3CB00FF4772 /* Tone.h */ = {isa = PBXFileReference; lastKnownFileType = sourcecode.c.h; path = Tone.h; sourceTree = "<group>"; wrapsLines = 0; };
		B9FAD47B2503E3CB00FF4772 /* Tone.c */ = {isa = PBXFileReference; lastKnownFileType = sourcecode.c.c; path = Tone.c; sourceTree = "<group>"; };
		B9FAD48C2503FA3900FF4772 /* Randomizer.h */ = {isa = PBXFileReference; lastKnownFileType = sourcecode.c.h; path = Randomizer.h; sourceTree = "<group>"; wrapsLines = 0; };
		B9FAD48D2503FA3900FF4772 /* Randomizer.c */ = {isa = PBXFileReference; lastKnownFileType = sourcecode.c.c; path = Randomizer.c; sourceTree = "<group>"; wrapsLines = 0; };
		B9FAD48F2503FAF600FF4772 /* Score.h */ = {isa = PBXFileReference; lastKnownFileType = sourcecode.c.h; path = Score.h; sourceTree = "<group>"; };
		B9FAD4902503FAF600FF4772 /* Score.c */ = {isa = PBXFileReference; lastKnownFileType = sourcecode.c.c; path = Score.c; sourceTree = "<group>"; wrapsLines = 0; };
/* End PBXFileReference section */

/* Begin PBXFrameworksBuildPhase section */
		B9259D1824F669DD00FA19FA /* Frameworks */ = {
			isa = PBXFrameworksBuildPhase;
			buildActionMask = 2147483647;
			files = (
			);
			runOnlyForDeploymentPostprocessing = 0;
		};
/* End PBXFrameworksBuildPhase section */

/* Begin PBXGroup section */
		8AFCCA2D250516E7001427D2 /* ToneBarrierScoreSchemaOOC */ = {
			isa = PBXGroup;
			children = (
				8AFCCA2E250517D8001427D2 /* OOC Source */,
				8AFCCA30250517D8001427D2 /* new.c */,
				8AFCCA35250517D8001427D2 /* Class.h */,
				8AFCCA32250517D8001427D2 /* Object.h */,
				8AFCCA36250517D8001427D2 /* new.h */,
			);
			path = ToneBarrierScoreSchemaOOC;
			sourceTree = "<group>";
		};
		8AFCCA2E250517D8001427D2 /* OOC Source */ = {
			isa = PBXGroup;
			children = (
			);
			path = "OOC Source";
			sourceTree = "<group>";
		};
		B9259D1224F669DD00FA19FA = {
			isa = PBXGroup;
			children = (
				B9259D1D24F669DD00FA19FA /* DreamCatcher-ToneBarrier */,
				B9259D3A24F669E100FA19FA /* DreamCatcher-ToneBarrier WatchKit App */,
				B9259D4924F669E200FA19FA /* DreamCatcher-ToneBarrier WatchKit Extension */,
				B9259D1C24F669DD00FA19FA /* Products */,
				B9EF5C5D24F955F6008EC0F9 /* Frameworks */,
			);
			sourceTree = "<group>";
		};
		B9259D1C24F669DD00FA19FA /* Products */ = {
			isa = PBXGroup;
			children = (
				B9259D1B24F669DD00FA19FA /* DreamCatcher-ToneBarrier.app */,
			);
			name = Products;
			sourceTree = "<group>";
		};
		B9259D1D24F669DD00FA19FA /* DreamCatcher-ToneBarrier */ = {
			isa = PBXGroup;
			children = (
				8A6ADA7A25115D0B00B418D4 /* DreamCatcher-ToneBarrier.entitlements */,
				B9FAD47E2503F31600FF4772 /* ToneBarrierScoreSchema */,
				B9259D1E24F669DD00FA19FA /* AppDelegate.h */,
				B9259D1F24F669DD00FA19FA /* AppDelegate.m */,
				B9259D2124F669DD00FA19FA /* SceneDelegate.h */,
				B9259D2224F669DD00FA19FA /* SceneDelegate.m */,
				B9B9F01225120961002E4295 /* ToneBarrierScoreDispatchObjects.h */,
				B9B9F01325120961002E4295 /* ToneBarrierScoreDispatchObjects.m */,
				B9259D2424F669DD00FA19FA /* ViewController.h */,
				B9259D2524F669DD00FA19FA /* ViewController.m */,
				B9259D2724F669DD00FA19FA /* Main.storyboard */,
				B9259D6B24F66C9C00FA19FA /* ToneBarrierScorePlayer.h */,
				B9259D6C24F66C9C00FA19FA /* ToneBarrierScorePlayer.m */,
				B9763DFC250822B5003DB662 /* test.h */,
				B9763DFD250822B5003DB662 /* test.m */,
				8A410890250AE3D80004FD0E /* New.h */,
				8A410891250AE3D80004FD0E /* New.c */,
				8A41088F250AE1EA0004FD0E /* New.r */,
				8AF985F1250ADEE7004900DA /* Object.h */,
				8A410899250AE6300004FD0E /* String.h */,
				8A41089A250AE6300004FD0E /* String.c */,
				8A4108C1250C61580004FD0E /* Score.h */,
				8A4108C2250C61580004FD0E /* Score.c */,
				B9FAD47A2503E3CB00FF4772 /* Tone.h */,
				B9FAD47B2503E3CB00FF4772 /* Tone.c */,
				8AF985E2250ACA14004900DA /* Randomizers.h */,
				8AF985E3250ACA14004900DA /* Randomizers.c */,
				B9FAD48C2503FA3900FF4772 /* Randomizer.h */,
				B9FAD48D2503FA3900FF4772 /* Randomizer.c */,
				B9259D2A24F669DD00FA19FA /* ContentView.swift */,
				B9259D4024F669E200FA19FA /* Info.plist */,
				B9259D2C24F669E000FA19FA /* Assets.xcassets */,
				B9259D3124F669E000FA19FA /* Info.plist */,
				B9259D2E24F669E000FA19FA /* LaunchScreen.storyboard */,
				B9259D3224F669E000FA19FA /* main.m */,
				B9EF5C6024F95BF9008EC0F9 /* CodeCemetary */,
			);
			path = "DreamCatcher-ToneBarrier";
			sourceTree = "<group>";
		};
		B9259D3A24F669E100FA19FA /* DreamCatcher-ToneBarrier WatchKit App */ = {
			isa = PBXGroup;
			children = (
				B9259D3B24F669E100FA19FA /* Interface.storyboard */,
				B9259D3E24F669E200FA19FA /* Assets.xcassets */,
			);
			path = "DreamCatcher-ToneBarrier WatchKit App";
			sourceTree = "<group>";
		};
		B9259D4924F669E200FA19FA /* DreamCatcher-ToneBarrier WatchKit Extension */ = {
			isa = PBXGroup;
			children = (
				B9259D4A24F669E200FA19FA /* InterfaceController.h */,
				B9259D4B24F669E200FA19FA /* InterfaceController.m */,
				B9259D4D24F669E200FA19FA /* ExtensionDelegate.h */,
				B9259D4E24F669E200FA19FA /* ExtensionDelegate.m */,
				B9259D5024F669E200FA19FA /* NotificationController.h */,
				B9259D5124F669E200FA19FA /* NotificationController.m */,
				B9259D5324F669E200FA19FA /* ComplicationController.h */,
				B9259D5424F669E200FA19FA /* ComplicationController.m */,
				B9259D5624F669E300FA19FA /* Assets.xcassets */,
				B9259D5824F669E300FA19FA /* Info.plist */,
				B9259D5924F669E300FA19FA /* PushNotificationPayload.apns */,
			);
			path = "DreamCatcher-ToneBarrier WatchKit Extension";
			sourceTree = "<group>";
		};
		B9EF5C5D24F955F6008EC0F9 /* Frameworks */ = {
			isa = PBXGroup;
			children = (
				8AE1F507250D0F99007B290E /* libc.tbd */,
			);
			name = Frameworks;
			sourceTree = "<group>";
		};
		B9FAD47E2503F31600FF4772 /* ToneBarrierScoreSchema */ = {
			isa = PBXGroup;
			children = (
				8AFCCA2D250516E7001427D2 /* ToneBarrierScoreSchemaOOC */,
				B96EC02725006C5F00F9C929 /* ToneBarrierScoreCodeCemetary.h */,
				B9FAD48F2503FAF600FF4772 /* Score.h */,
				B9FAD4902503FAF600FF4772 /* Score.c */,
				B9FAD4752503D47800FF4772 /* PlayerNode.h */,
				B9FAD4762503D47800FF4772 /* PlayerNode.c */,
			);
			path = ToneBarrierScoreSchema;
			sourceTree = "<group>";
		};
/* End PBXGroup section */

/* Begin PBXNativeTarget section */
		B9259D1A24F669DD00FA19FA /* DreamCatcher-ToneBarrier */ = {
			isa = PBXNativeTarget;
			buildConfigurationList = B9259D6424F669E300FA19FA /* Build configuration list for PBXNativeTarget "DreamCatcher-ToneBarrier" */;
			buildPhases = (
				B9259D1724F669DD00FA19FA /* Sources */,
				B9259D1824F669DD00FA19FA /* Frameworks */,
				B9259D1924F669DD00FA19FA /* Resources */,
				B9259D6324F669E300FA19FA /* Embed Watch Content */,
				B96EC03125006C6000F9C929 /* Embed Frameworks */,
			);
			buildRules = (
			);
			dependencies = (
			);
			name = "DreamCatcher-ToneBarrier";
			productName = "DreamCatcher-ToneBarrier";
			productReference = B9259D1B24F669DD00FA19FA /* DreamCatcher-ToneBarrier.app */;
			productType = "com.apple.product-type.application";
		};
/* End PBXNativeTarget section */

/* Begin PBXProject section */
		B9259D1324F669DD00FA19FA /* Project object */ = {
			isa = PBXProject;
			attributes = {
				LastSwiftUpdateCheck = 1200;
				LastUpgradeCheck = 1200;
				TargetAttributes = {
					B9259D1A24F669DD00FA19FA = {
						CreatedOnToolsVersion = 12.0;
					};
				};
			};
			buildConfigurationList = B9259D1624F669DD00FA19FA /* Build configuration list for PBXProject "DreamCatcher-ToneBarrier" */;
			compatibilityVersion = "Xcode 9.3";
			developmentRegion = en;
			hasScannedForEncodings = 0;
			knownRegions = (
				en,
				Base,
			);
			mainGroup = B9259D1224F669DD00FA19FA;
			productRefGroup = B9259D1C24F669DD00FA19FA /* Products */;
			projectDirPath = "";
			projectRoot = "";
			targets = (
				B9259D1A24F669DD00FA19FA /* DreamCatcher-ToneBarrier */,
			);
		};
/* End PBXProject section */

/* Begin PBXResourcesBuildPhase section */
		B9259D1924F669DD00FA19FA /* Resources */ = {
			isa = PBXResourcesBuildPhase;
			buildActionMask = 2147483647;
			files = (
				B9259D3024F669E000FA19FA /* LaunchScreen.storyboard in Resources */,
				B9259D2D24F669E000FA19FA /* Assets.xcassets in Resources */,
				B9259D2924F669DD00FA19FA /* Main.storyboard in Resources */,
			);
			runOnlyForDeploymentPostprocessing = 0;
		};
/* End PBXResourcesBuildPhase section */

/* Begin PBXSourcesBuildPhase section */
		B9259D1724F669DD00FA19FA /* Sources */ = {
			isa = PBXSourcesBuildPhase;
			buildActionMask = 2147483647;
			files = (
				8A4108C3250C61580004FD0E /* Score.c in Sources */,
				8A410892250AE3D80004FD0E /* New.c in Sources */,
				8A41089B250AE6300004FD0E /* String.c in Sources */,
				B93E23B024FF586000A324DE /* ToneBarrierScorePlayer.m in Sources */,
				B9763DFE250822B5003DB662 /* test.m in Sources */,
				8AF985E4250ACA14004900DA /* Randomizers.c in Sources */,
				B9259D2024F669DD00FA19FA /* AppDelegate.m in Sources */,
				B9259D3324F669E000FA19FA /* main.m in Sources */,
				B9259D2624F669DD00FA19FA /* ViewController.m in Sources */,
				B9259D2B24F669DD00FA19FA /* ContentView.swift in Sources */,
				B9B9F01425120961002E4295 /* ToneBarrierScoreDispatchObjects.m in Sources */,
				B9259D2324F669DD00FA19FA /* SceneDelegate.m in Sources */,
				B9FAD48E2503FA3900FF4772 /* Randomizer.c in Sources */,
			);
			runOnlyForDeploymentPostprocessing = 0;
		};
/* End PBXSourcesBuildPhase section */

/* Begin PBXVariantGroup section */
		B9259D2724F669DD00FA19FA /* Main.storyboard */ = {
			isa = PBXVariantGroup;
			children = (
				B9259D2824F669DD00FA19FA /* Base */,
			);
			name = Main.storyboard;
			sourceTree = "<group>";
		};
		B9259D2E24F669E000FA19FA /* LaunchScreen.storyboard */ = {
			isa = PBXVariantGroup;
			children = (
				B9259D2F24F669E000FA19FA /* Base */,
			);
			name = LaunchScreen.storyboard;
			sourceTree = "<group>";
		};
		B9259D3B24F669E100FA19FA /* Interface.storyboard */ = {
			isa = PBXVariantGroup;
			children = (
				B9259D3C24F669E100FA19FA /* Base */,
			);
			name = Interface.storyboard;
			sourceTree = "<group>";
		};
/* End PBXVariantGroup section */

/* Begin XCBuildConfiguration section */
		B9259D5A24F669E300FA19FA /* Debug */ = {
			isa = XCBuildConfiguration;
			buildSettings = {
				ALWAYS_SEARCH_USER_PATHS = NO;
				CLANG_ANALYZER_NONNULL = YES;
				CLANG_ANALYZER_NUMBER_OBJECT_CONVERSION = YES_AGGRESSIVE;
				CLANG_CXX_LANGUAGE_STANDARD = "gnu++14";
				CLANG_CXX_LIBRARY = "libc++";
				CLANG_ENABLE_MODULES = YES;
				CLANG_ENABLE_OBJC_ARC = YES;
				CLANG_ENABLE_OBJC_WEAK = YES;
				CLANG_WARN_BLOCK_CAPTURE_AUTORELEASING = YES;
				CLANG_WARN_BOOL_CONVERSION = YES;
				CLANG_WARN_COMMA = YES;
				CLANG_WARN_CONSTANT_CONVERSION = YES;
				CLANG_WARN_DEPRECATED_OBJC_IMPLEMENTATIONS = YES;
				CLANG_WARN_DIRECT_OBJC_ISA_USAGE = YES_ERROR;
				CLANG_WARN_DOCUMENTATION_COMMENTS = YES;
				CLANG_WARN_EMPTY_BODY = YES;
				CLANG_WARN_ENUM_CONVERSION = YES;
				CLANG_WARN_INFINITE_RECURSION = YES;
				CLANG_WARN_INT_CONVERSION = YES;
				CLANG_WARN_NON_LITERAL_NULL_CONVERSION = YES;
				CLANG_WARN_OBJC_IMPLICIT_RETAIN_SELF = YES;
				CLANG_WARN_OBJC_LITERAL_CONVERSION = YES;
				CLANG_WARN_OBJC_ROOT_CLASS = YES_ERROR;
				CLANG_WARN_QUOTED_INCLUDE_IN_FRAMEWORK_HEADER = YES;
				CLANG_WARN_RANGE_LOOP_ANALYSIS = YES;
				CLANG_WARN_STRICT_PROTOTYPES = YES;
				CLANG_WARN_SUSPICIOUS_MOVE = YES;
				CLANG_WARN_UNGUARDED_AVAILABILITY = YES_AGGRESSIVE;
				CLANG_WARN_UNREACHABLE_CODE = YES;
				CLANG_WARN__DUPLICATE_METHOD_MATCH = YES;
				COPY_PHASE_STRIP = NO;
				DEBUG_INFORMATION_FORMAT = dwarf;
				ENABLE_STRICT_OBJC_MSGSEND = YES;
				ENABLE_TESTABILITY = YES;
				GCC_C_LANGUAGE_STANDARD = gnu11;
				GCC_DYNAMIC_NO_PIC = NO;
				GCC_NO_COMMON_BLOCKS = YES;
				GCC_OPTIMIZATION_LEVEL = 0;
				GCC_PREPROCESSOR_DEFINITIONS = (
					"DEBUG=1",
					"$(inherited)",
				);
				GCC_WARN_64_TO_32_BIT_CONVERSION = YES;
				GCC_WARN_ABOUT_RETURN_TYPE = YES_ERROR;
				GCC_WARN_UNDECLARED_SELECTOR = YES;
				GCC_WARN_UNINITIALIZED_AUTOS = YES_AGGRESSIVE;
				GCC_WARN_UNUSED_FUNCTION = YES;
				GCC_WARN_UNUSED_VARIABLE = YES;
				IPHONEOS_DEPLOYMENT_TARGET = 14.0;
				MTL_ENABLE_DEBUG_INFO = INCLUDE_SOURCE;
				MTL_FAST_MATH = YES;
				ONLY_ACTIVE_ARCH = YES;
			};
			name = Debug;
		};
		B9259D5B24F669E300FA19FA /* Release */ = {
			isa = XCBuildConfiguration;
			buildSettings = {
				ALWAYS_SEARCH_USER_PATHS = NO;
				CLANG_ANALYZER_NONNULL = YES;
				CLANG_ANALYZER_NUMBER_OBJECT_CONVERSION = YES_AGGRESSIVE;
				CLANG_CXX_LANGUAGE_STANDARD = "gnu++14";
				CLANG_CXX_LIBRARY = "libc++";
				CLANG_ENABLE_MODULES = YES;
				CLANG_ENABLE_OBJC_ARC = YES;
				CLANG_ENABLE_OBJC_WEAK = YES;
				CLANG_WARN_BLOCK_CAPTURE_AUTORELEASING = YES;
				CLANG_WARN_BOOL_CONVERSION = YES;
				CLANG_WARN_COMMA = YES;
				CLANG_WARN_CONSTANT_CONVERSION = YES;
				CLANG_WARN_DEPRECATED_OBJC_IMPLEMENTATIONS = YES;
				CLANG_WARN_DIRECT_OBJC_ISA_USAGE = YES_ERROR;
				CLANG_WARN_DOCUMENTATION_COMMENTS = YES;
				CLANG_WARN_EMPTY_BODY = YES;
				CLANG_WARN_ENUM_CONVERSION = YES;
				CLANG_WARN_INFINITE_RECURSION = YES;
				CLANG_WARN_INT_CONVERSION = YES;
				CLANG_WARN_NON_LITERAL_NULL_CONVERSION = YES;
				CLANG_WARN_OBJC_IMPLICIT_RETAIN_SELF = YES;
				CLANG_WARN_OBJC_LITERAL_CONVERSION = YES;
				CLANG_WARN_OBJC_ROOT_CLASS = YES_ERROR;
				CLANG_WARN_QUOTED_INCLUDE_IN_FRAMEWORK_HEADER = YES;
				CLANG_WARN_RANGE_LOOP_ANALYSIS = YES;
				CLANG_WARN_STRICT_PROTOTYPES = YES;
				CLANG_WARN_SUSPICIOUS_MOVE = YES;
				CLANG_WARN_UNGUARDED_AVAILABILITY = YES_AGGRESSIVE;
				CLANG_WARN_UNREACHABLE_CODE = YES;
				CLANG_WARN__DUPLICATE_METHOD_MATCH = YES;
				COPY_PHASE_STRIP = NO;
				DEBUG_INFORMATION_FORMAT = "dwarf-with-dsym";
				ENABLE_NS_ASSERTIONS = NO;
				ENABLE_STRICT_OBJC_MSGSEND = YES;
				GCC_C_LANGUAGE_STANDARD = gnu11;
				GCC_NO_COMMON_BLOCKS = YES;
				GCC_WARN_64_TO_32_BIT_CONVERSION = YES;
				GCC_WARN_ABOUT_RETURN_TYPE = YES_ERROR;
				GCC_WARN_UNDECLARED_SELECTOR = YES;
				GCC_WARN_UNINITIALIZED_AUTOS = YES_AGGRESSIVE;
				GCC_WARN_UNUSED_FUNCTION = YES;
				GCC_WARN_UNUSED_VARIABLE = YES;
				IPHONEOS_DEPLOYMENT_TARGET = 14.0;
				MTL_ENABLE_DEBUG_INFO = NO;
				MTL_FAST_MATH = YES;
			};
			name = Release;
		};
		B9259D6524F669E300FA19FA /* Debug */ = {
			isa = XCBuildConfiguration;
			buildSettings = {
				ASSETCATALOG_COMPILER_APPICON_NAME = AppIcon;
				ASSETCATALOG_COMPILER_GLOBAL_ACCENT_COLOR_NAME = AccentColor;
				CODE_SIGN_ENTITLEMENTS = "DreamCatcher-ToneBarrier/DreamCatcher-ToneBarrier.entitlements";
				CODE_SIGN_STYLE = Automatic;
				DEVELOPMENT_TEAM = N9987K9442;
				INFOPLIST_FILE = "DreamCatcher-ToneBarrier/Info.plist";
				IPHONEOS_DEPLOYMENT_TARGET = 14.0;
				LD_RUNPATH_SEARCH_PATHS = (
					"$(inherited)",
					"@executable_path/Frameworks",
				);
				PRODUCT_BUNDLE_IDENTIFIER = "com.blogspot.demonicactivity.bush.alan.james.DreamCatcher-ToneBarrier";
				PRODUCT_NAME = "$(TARGET_NAME)";
				SDKROOT = iphoneos;
				SUPPORTS_MACCATALYST = YES;
				SWIFT_VERSION = 5.0;
				TARGETED_DEVICE_FAMILY = "1,2,6";
			};
			name = Debug;
		};
		B9259D6624F669E300FA19FA /* Release */ = {
			isa = XCBuildConfiguration;
			buildSettings = {
				ASSETCATALOG_COMPILER_APPICON_NAME = AppIcon;
				ASSETCATALOG_COMPILER_GLOBAL_ACCENT_COLOR_NAME = AccentColor;
				CODE_SIGN_ENTITLEMENTS = "DreamCatcher-ToneBarrier/DreamCatcher-ToneBarrier.entitlements";
				CODE_SIGN_STYLE = Automatic;
				DEVELOPMENT_TEAM = N9987K9442;
				INFOPLIST_FILE = "DreamCatcher-ToneBarrier/Info.plist";
				IPHONEOS_DEPLOYMENT_TARGET = 14.0;
				LD_RUNPATH_SEARCH_PATHS = (
					"$(inherited)",
					"@executable_path/Frameworks",
				);
				PRODUCT_BUNDLE_IDENTIFIER = "com.blogspot.demonicactivity.bush.alan.james.DreamCatcher-ToneBarrier";
				PRODUCT_NAME = "$(TARGET_NAME)";
				SDKROOT = iphoneos;
				SUPPORTS_MACCATALYST = YES;
				SWIFT_VERSION = 5.0;
				TARGETED_DEVICE_FAMILY = "1,2,6";
				VALIDATE_PRODUCT = YES;
			};
			name = Release;
		};
/* End XCBuildConfiguration section */

/* Begin XCConfigurationList section */
		B9259D1624F669DD00FA19FA /* Build configuration list for PBXProject "DreamCatcher-ToneBarrier" */ = {
			isa = XCConfigurationList;
			buildConfigurations = (
				B9259D5A24F669E300FA19FA /* Debug */,
				B9259D5B24F669E300FA19FA /* Release */,
			);
			defaultConfigurationIsVisible = 0;
			defaultConfigurationName = Release;
		};
		B9259D6424F669E300FA19FA /* Build configuration list for PBXNativeTarget "DreamCatcher-ToneBarrier" */ = {
			isa = XCConfigurationList;
			buildConfigurations = (
				B9259D6524F669E300FA19FA /* Debug */,
				B9259D6624F669E300FA19FA /* Release */,
			);
			defaultConfigurationIsVisible = 0;
			defaultConfigurationName = Release;
		};
/* End XCConfigurationList section */
	};
	rootObject = B9259D1324F669DD00FA19FA /* Project object */;
}
